
Microsoft Visual Studio Solution File, Format Version 12.00
# Visual Studio Version 17
VisualStudioVersion = 17.0.31903.59
MinimumVisualStudioVersion = 10.0.40219.1
Project("{FAE04EC0-301F-11D3-BF4B-00C04F79EFBC}") = "Client", "Client\Client.csproj", "{0B3EC560-4378-44D4-B4BD-E1E7E6F7F840}"
EndProject
Project("{FAE04EC0-301F-11D3-BF4B-00C04F79EFBC}") = "Functions101", "Functions101\Functions101.csproj", "{5CFE4B48-C615-4113-8A0B-340B3E0E1905}"
EndProject
Global
	GlobalSection(SolutionConfigurationPlatforms) = preSolution
		Debug|Any CPU = Debug|Any CPU
		Release|Any CPU = Release|Any CPU
	EndGlobalSection
	GlobalSection(SolutionProperties) = preSolution
		HideSolutionNode = FALSE
	EndGlobalSection
	GlobalSection(ProjectConfigurationPlatforms) = postSolution
		{0B3EC560-4378-44D4-B4BD-E1E7E6F7F840}.Debug|Any CPU.ActiveCfg = Debug|Any CPU
		{0B3EC560-4378-44D4-B4BD-E1E7E6F7F840}.Debug|Any CPU.Build.0 = Debug|Any CPU
		{0B3EC560-4378-44D4-B4BD-E1E7E6F7F840}.Release|Any CPU.ActiveCfg = Release|Any CPU
		{0B3EC560-4378-44D4-B4BD-E1E7E6F7F840}.Release|Any CPU.Build.0 = Release|Any CPU
		{5CFE4B48-C615-4113-8A0B-340B3E0E1905}.Debug|Any CPU.ActiveCfg = Debug|Any CPU
		{5CFE4B48-C615-4113-8A0B-340B3E0E1905}.Debug|Any CPU.Build.0 = Debug|Any CPU
		{5CFE4B48-C615-4113-8A0B-340B3E0E1905}.Release|Any CPU.ActiveCfg = Release|Any CPU
		{5CFE4B48-C615-4113-8A0B-340B3E0E1905}.Release|Any CPU.Build.0 = Release|Any CPU
	EndGlobalSection
EndGlobal
